// !$*UTF8*$!
{
	archiveVersion = 1;
	classes = {
	};
	objectVersion = 46;
	objects = {

/* Begin PBXBuildFile section */
		BC044AC41C66F4BE006A49CE /* PendingAttendanceTableViewController.swift in Sources */ = {isa = PBXBuildFile; fileRef = BC044AC31C66F4BE006A49CE /* PendingAttendanceTableViewController.swift */; };
		BC044ADE1C67F5FF006A49CE /* Tuition.swift in Sources */ = {isa = PBXBuildFile; fileRef = BC044ADD1C67F5FF006A49CE /* Tuition.swift */; };
		BC044AE11C67F7B9006A49CE /* Attendance+CoreDataProperties.swift in Sources */ = {isa = PBXBuildFile; fileRef = BC044ADF1C67F7B9006A49CE /* Attendance+CoreDataProperties.swift */; };
		BC044AE21C67F7B9006A49CE /* Tuition+CoreDataProperties.swift in Sources */ = {isa = PBXBuildFile; fileRef = BC044AE01C67F7B9006A49CE /* Tuition+CoreDataProperties.swift */; };
		BC044AE41C67F8E3006A49CE /* Attendance.swift in Sources */ = {isa = PBXBuildFile; fileRef = BC044AE31C67F8E3006A49CE /* Attendance.swift */; };
		BC044AE61C68961B006A49CE /* UIHelper.swift in Sources */ = {isa = PBXBuildFile; fileRef = BC044AE51C68961B006A49CE /* UIHelper.swift */; };
		BC044AE81C68A3E1006A49CE /* PendingAttendanceCell.swift in Sources */ = {isa = PBXBuildFile; fileRef = BC044AE71C68A3E1006A49CE /* PendingAttendanceCell.swift */; };
		BC044AEA1C69C638006A49CE /* AttendanceChangeControllerDelegate.swift in Sources */ = {isa = PBXBuildFile; fileRef = BC044AE91C69C638006A49CE /* AttendanceChangeControllerDelegate.swift */; };
		BC101C3E1C996CC500995966 /* DayListTableViewController.swift in Sources */ = {isa = PBXBuildFile; fileRef = BC101C3D1C996CC500995966 /* DayListTableViewController.swift */; };
		BC101C401C9A844F00995966 /* DayChangeControllerDelegate.swift in Sources */ = {isa = PBXBuildFile; fileRef = BC101C3F1C9A844F00995966 /* DayChangeControllerDelegate.swift */; };
		BC101C421C9A8D6700995966 /* TuitionsAddViewController.swift in Sources */ = {isa = PBXBuildFile; fileRef = BC101C411C9A8D6700995966 /* TuitionsAddViewController.swift */; };
		BC101C441C9CC82800995966 /* TuitionsEditViewController.swift in Sources */ = {isa = PBXBuildFile; fileRef = BC101C431C9CC82800995966 /* TuitionsEditViewController.swift */; };
		BC6905A61C45A94F00B00E35 /* AppDelegate.swift in Sources */ = {isa = PBXBuildFile; fileRef = BC6905A51C45A94F00B00E35 /* AppDelegate.swift */; };
		BC6905A81C45A94F00B00E35 /* AttendanceViewController.swift in Sources */ = {isa = PBXBuildFile; fileRef = BC6905A71C45A94F00B00E35 /* AttendanceViewController.swift */; };
		BC6905AA1C45A94F00B00E35 /* SecondViewController.swift in Sources */ = {isa = PBXBuildFile; fileRef = BC6905A91C45A94F00B00E35 /* SecondViewController.swift */; };
		BC6905AD1C45A94F00B00E35 /* Main.storyboard in Resources */ = {isa = PBXBuildFile; fileRef = BC6905AB1C45A94F00B00E35 /* Main.storyboard */; };
		BC6905AF1C45A94F00B00E35 /* Assets.xcassets in Resources */ = {isa = PBXBuildFile; fileRef = BC6905AE1C45A94F00B00E35 /* Assets.xcassets */; };
		BC6905B21C45A94F00B00E35 /* LaunchScreen.storyboard in Resources */ = {isa = PBXBuildFile; fileRef = BC6905B01C45A94F00B00E35 /* LaunchScreen.storyboard */; };
		BC6905BD1C45A94F00B00E35 /* kidz_tution_trackerTests.swift in Sources */ = {isa = PBXBuildFile; fileRef = BC6905BC1C45A94F00B00E35 /* kidz_tution_trackerTests.swift */; };
		BC6905C81C45A94F00B00E35 /* kidz_tution_trackerUITests.swift in Sources */ = {isa = PBXBuildFile; fileRef = BC6905C71C45A94F00B00E35 /* kidz_tution_trackerUITests.swift */; };
		BC6905D71C46FBF700B00E35 /* Tuitions.storyboard in Resources */ = {isa = PBXBuildFile; fileRef = BC6905D51C46FBF700B00E35 /* Tuitions.storyboard */; };
		BC6905D91C46FC2E00B00E35 /* Attendance.storyboard in Resources */ = {isa = PBXBuildFile; fileRef = BC6905D81C46FC2E00B00E35 /* Attendance.storyboard */; };
		BC6905DB1C46FCB800B00E35 /* Payments.storyboard in Resources */ = {isa = PBXBuildFile; fileRef = BC6905DA1C46FCB800B00E35 /* Payments.storyboard */; };
		BC6905DE1C49D60A00B00E35 /* KidsTuitionTrackerDataModel.xcdatamodeld in Sources */ = {isa = PBXBuildFile; fileRef = BC6905DC1C49D60A00B00E35 /* KidsTuitionTrackerDataModel.xcdatamodeld */; };
		BC6905E01C49D72100B00E35 /* TutiionTrackerDataController.swift in Sources */ = {isa = PBXBuildFile; fileRef = BC6905DF1C49D72100B00E35 /* TutiionTrackerDataController.swift */; };
		BC6905E91C4A2BAD00B00E35 /* TuitionsTableViewCell.swift in Sources */ = {isa = PBXBuildFile; fileRef = BC6905E81C4A2BAD00B00E35 /* TuitionsTableViewCell.swift */; };
		BC6905F81C4D921A00B00E35 /* TutionsListViewController.swift in Sources */ = {isa = PBXBuildFile; fileRef = BC6905F71C4D921A00B00E35 /* TutionsListViewController.swift */; };
		BC6F1E8A1C6551EF0001FE6C /* DayPickerControl.swift in Sources */ = {isa = PBXBuildFile; fileRef = BC6F1E891C6551EF0001FE6C /* DayPickerControl.swift */; };
		BCFF26C31C6C953000E2838E /* PendingAttenanceHeaderCell.swift in Sources */ = {isa = PBXBuildFile; fileRef = BCFF26C21C6C953000E2838E /* PendingAttenanceHeaderCell.swift */; };
		BCFF26C51C6EE1AB00E2838E /* AttendanceTuitionListTableViewController.swift in Sources */ = {isa = PBXBuildFile; fileRef = BCFF26C41C6EE1AB00E2838E /* AttendanceTuitionListTableViewController.swift */; };
		BCFF26C71C6EE8A800E2838E /* AttendanceTuitionTableViewCell.swift in Sources */ = {isa = PBXBuildFile; fileRef = BCFF26C61C6EE8A800E2838E /* AttendanceTuitionTableViewCell.swift */; };
		BCFF26C91C6EF81600E2838E /* HistoryAttendanceTableViewController.swift in Sources */ = {isa = PBXBuildFile; fileRef = BCFF26C81C6EF81600E2838E /* HistoryAttendanceTableViewController.swift */; };
		BCFF26CB1C6EFB7200E2838E /* HistoryAttendanceCell.swift in Sources */ = {isa = PBXBuildFile; fileRef = BCFF26CA1C6EFB7200E2838E /* HistoryAttendanceCell.swift */; };
		BCFF26CD1C6F00DB00E2838E /* HistoryAttenanceHeaderCell.swift in Sources */ = {isa = PBXBuildFile; fileRef = BCFF26CC1C6F00DB00E2838E /* HistoryAttenanceHeaderCell.swift */; };
		BCFF26CF1C71B2AD00E2838E /* AttendanceStatus.swift in Sources */ = {isa = PBXBuildFile; fileRef = BCFF26CE1C71B2AD00E2838E /* AttendanceStatus.swift */; };
		BCFF26D11C71C73B00E2838E /* AttendanceExtension.swift in Sources */ = {isa = PBXBuildFile; fileRef = BCFF26D01C71C73B00E2838E /* AttendanceExtension.swift */; };
		BCFF26D41C7281E000E2838E /* Payment+CoreDataProperties.swift in Sources */ = {isa = PBXBuildFile; fileRef = BCFF26D21C7281E000E2838E /* Payment+CoreDataProperties.swift */; };
		BCFF26D51C7281E000E2838E /* Payment.swift in Sources */ = {isa = PBXBuildFile; fileRef = BCFF26D31C7281E000E2838E /* Payment.swift */; };
		BCFF26D71C72822300E2838E /* PaymentStatus.swift in Sources */ = {isa = PBXBuildFile; fileRef = BCFF26D61C72822300E2838E /* PaymentStatus.swift */; };
		BCFF26E31C73486D00E2838E /* PaymentViewController.swift in Sources */ = {isa = PBXBuildFile; fileRef = BCFF26E21C73486D00E2838E /* PaymentViewController.swift */; };
		BCFF26E51C744D2D00E2838E /* PendingPaymentTableViewController.swift in Sources */ = {isa = PBXBuildFile; fileRef = BCFF26E41C744D2D00E2838E /* PendingPaymentTableViewController.swift */; };
		BCFF26E71C744FAD00E2838E /* PendingPaymentCell.swift in Sources */ = {isa = PBXBuildFile; fileRef = BCFF26E61C744FAD00E2838E /* PendingPaymentCell.swift */; };
		BCFF26E91C744FF100E2838E /* PendingPaymentHeaderCell.swift in Sources */ = {isa = PBXBuildFile; fileRef = BCFF26E81C744FF100E2838E /* PendingPaymentHeaderCell.swift */; };
		BCFF26EB1C74531300E2838E /* PaymentChangeControllerDelegate.swift in Sources */ = {isa = PBXBuildFile; fileRef = BCFF26EA1C74531300E2838E /* PaymentChangeControllerDelegate.swift */; };
		BCFF26ED1C783E6B00E2838E /* PaymentExtension.swift in Sources */ = {isa = PBXBuildFile; fileRef = BCFF26EC1C783E6B00E2838E /* PaymentExtension.swift */; };
		BCFF26EF1C784A6000E2838E /* PaymentTuitionTableViewCell.swift in Sources */ = {isa = PBXBuildFile; fileRef = BCFF26EE1C784A6000E2838E /* PaymentTuitionTableViewCell.swift */; };
		BCFF26F11C784CFC00E2838E /* PaymentTuitionListTableViewController.swift in Sources */ = {isa = PBXBuildFile; fileRef = BCFF26F01C784CFC00E2838E /* PaymentTuitionListTableViewController.swift */; };
		BCFF26F31C78522000E2838E /* PaymentHistoryTableViewControler.swift in Sources */ = {isa = PBXBuildFile; fileRef = BCFF26F21C78522000E2838E /* PaymentHistoryTableViewControler.swift */; };
		BCFF26F51C7854C300E2838E /* PaymentHistoryHeaderCell.swift in Sources */ = {isa = PBXBuildFile; fileRef = BCFF26F41C7854C300E2838E /* PaymentHistoryHeaderCell.swift */; };
		BCFF26F71C78550000E2838E /* PaymentHistoryCell.swift in Sources */ = {isa = PBXBuildFile; fileRef = BCFF26F61C78550000E2838E /* PaymentHistoryCell.swift */; };
		BCFF26F91C7E55D700E2838E /* tuitiontrackerextensions.swift in Sources */ = {isa = PBXBuildFile; fileRef = BCFF26F81C7E55D700E2838E /* tuitiontrackerextensions.swift */; };
		BCFF26FB1C7FA63B00E2838E /* DataUtils.swift in Sources */ = {isa = PBXBuildFile; fileRef = BCFF26FA1C7FA63B00E2838E /* DataUtils.swift */; };
/* End PBXBuildFile section */

/* Begin PBXContainerItemProxy section */
		BC6905B91C45A94F00B00E35 /* PBXContainerItemProxy */ = {
			isa = PBXContainerItemProxy;
			containerPortal = BC69059A1C45A94F00B00E35 /* Project object */;
			proxyType = 1;
			remoteGlobalIDString = BC6905A11C45A94F00B00E35;
			remoteInfo = "kidz tution tracker";
		};
		BC6905C41C45A94F00B00E35 /* PBXContainerItemProxy */ = {
			isa = PBXContainerItemProxy;
			containerPortal = BC69059A1C45A94F00B00E35 /* Project object */;
			proxyType = 1;
			remoteGlobalIDString = BC6905A11C45A94F00B00E35;
			remoteInfo = "kidz tution tracker";
		};
/* End PBXContainerItemProxy section */

/* Begin PBXFileReference section */
		BC044AC31C66F4BE006A49CE /* PendingAttendanceTableViewController.swift */ = {isa = PBXFileReference; fileEncoding = 4; lastKnownFileType = sourcecode.swift; path = PendingAttendanceTableViewController.swift; sourceTree = "<group>"; };
		BC044ADD1C67F5FF006A49CE /* Tuition.swift */ = {isa = PBXFileReference; fileEncoding = 4; lastKnownFileType = sourcecode.swift; name = Tuition.swift; path = ../../../../.Trash/Tuition.swift; sourceTree = "<group>"; };
		BC044ADF1C67F7B9006A49CE /* Attendance+CoreDataProperties.swift */ = {isa = PBXFileReference; fileEncoding = 4; lastKnownFileType = sourcecode.swift; path = "Attendance+CoreDataProperties.swift"; sourceTree = "<group>"; };
		BC044AE01C67F7B9006A49CE /* Tuition+CoreDataProperties.swift */ = {isa = PBXFileReference; fileEncoding = 4; lastKnownFileType = sourcecode.swift; path = "Tuition+CoreDataProperties.swift"; sourceTree = "<group>"; };
		BC044AE31C67F8E3006A49CE /* Attendance.swift */ = {isa = PBXFileReference; fileEncoding = 4; lastKnownFileType = sourcecode.swift; name = Attendance.swift; path = ../../../../.Trash/Attendance.swift; sourceTree = "<group>"; };
		BC044AE51C68961B006A49CE /* UIHelper.swift */ = {isa = PBXFileReference; fileEncoding = 4; lastKnownFileType = sourcecode.swift; path = UIHelper.swift; sourceTree = "<group>"; };
		BC044AE71C68A3E1006A49CE /* PendingAttendanceCell.swift */ = {isa = PBXFileReference; fileEncoding = 4; lastKnownFileType = sourcecode.swift; path = PendingAttendanceCell.swift; sourceTree = "<group>"; };
		BC044AE91C69C638006A49CE /* AttendanceChangeControllerDelegate.swift */ = {isa = PBXFileReference; fileEncoding = 4; lastKnownFileType = sourcecode.swift; path = AttendanceChangeControllerDelegate.swift; sourceTree = "<group>"; };
		BC101C3D1C996CC500995966 /* DayListTableViewController.swift */ = {isa = PBXFileReference; fileEncoding = 4; lastKnownFileType = sourcecode.swift; path = DayListTableViewController.swift; sourceTree = "<group>"; };
		BC101C3F1C9A844F00995966 /* DayChangeControllerDelegate.swift */ = {isa = PBXFileReference; fileEncoding = 4; lastKnownFileType = sourcecode.swift; path = DayChangeControllerDelegate.swift; sourceTree = "<group>"; };
		BC101C411C9A8D6700995966 /* TuitionsAddViewController.swift */ = {isa = PBXFileReference; fileEncoding = 4; lastKnownFileType = sourcecode.swift; path = TuitionsAddViewController.swift; sourceTree = "<group>"; };
		BC101C431C9CC82800995966 /* TuitionsEditViewController.swift */ = {isa = PBXFileReference; fileEncoding = 4; lastKnownFileType = sourcecode.swift; path = TuitionsEditViewController.swift; sourceTree = "<group>"; };
		BC6905A21C45A94F00B00E35 /* kidz tuition tracker.app */ = {isa = PBXFileReference; explicitFileType = wrapper.application; includeInIndex = 0; path = "kidz tuition tracker.app"; sourceTree = BUILT_PRODUCTS_DIR; };
		BC6905A51C45A94F00B00E35 /* AppDelegate.swift */ = {isa = PBXFileReference; lastKnownFileType = sourcecode.swift; path = AppDelegate.swift; sourceTree = "<group>"; };
		BC6905A71C45A94F00B00E35 /* AttendanceViewController.swift */ = {isa = PBXFileReference; lastKnownFileType = sourcecode.swift; path = AttendanceViewController.swift; sourceTree = "<group>"; };
		BC6905A91C45A94F00B00E35 /* SecondViewController.swift */ = {isa = PBXFileReference; lastKnownFileType = sourcecode.swift; path = SecondViewController.swift; sourceTree = "<group>"; };
		BC6905AC1C45A94F00B00E35 /* Base */ = {isa = PBXFileReference; lastKnownFileType = file.storyboard; name = Base; path = Base.lproj/Main.storyboard; sourceTree = "<group>"; };
		BC6905AE1C45A94F00B00E35 /* Assets.xcassets */ = {isa = PBXFileReference; lastKnownFileType = folder.assetcatalog; path = Assets.xcassets; sourceTree = "<group>"; };
		BC6905B11C45A94F00B00E35 /* Base */ = {isa = PBXFileReference; lastKnownFileType = file.storyboard; name = Base; path = Base.lproj/LaunchScreen.storyboard; sourceTree = "<group>"; };
		BC6905B31C45A94F00B00E35 /* Info.plist */ = {isa = PBXFileReference; lastKnownFileType = text.plist.xml; path = Info.plist; sourceTree = "<group>"; };
		BC6905B81C45A94F00B00E35 /* kidz tuition tracker.xctest */ = {isa = PBXFileReference; explicitFileType = wrapper.cfbundle; includeInIndex = 0; path = "kidz tuition tracker.xctest"; sourceTree = BUILT_PRODUCTS_DIR; };
		BC6905BC1C45A94F00B00E35 /* kidz_tution_trackerTests.swift */ = {isa = PBXFileReference; lastKnownFileType = sourcecode.swift; path = kidz_tution_trackerTests.swift; sourceTree = "<group>"; };
		BC6905BE1C45A94F00B00E35 /* Info.plist */ = {isa = PBXFileReference; lastKnownFileType = text.plist.xml; path = Info.plist; sourceTree = "<group>"; };
		BC6905C31C45A94F00B00E35 /* kidz tuition tracker.xctest */ = {isa = PBXFileReference; explicitFileType = wrapper.cfbundle; includeInIndex = 0; path = "kidz tuition tracker.xctest"; sourceTree = BUILT_PRODUCTS_DIR; };
		BC6905C71C45A94F00B00E35 /* kidz_tution_trackerUITests.swift */ = {isa = PBXFileReference; lastKnownFileType = sourcecode.swift; path = kidz_tution_trackerUITests.swift; sourceTree = "<group>"; };
		BC6905C91C45A94F00B00E35 /* Info.plist */ = {isa = PBXFileReference; lastKnownFileType = text.plist.xml; path = Info.plist; sourceTree = "<group>"; };
		BC6905D61C46FBF700B00E35 /* Base */ = {isa = PBXFileReference; lastKnownFileType = file.storyboard; name = Base; path = Base.lproj/Tuitions.storyboard; sourceTree = "<group>"; };
		BC6905D81C46FC2E00B00E35 /* Attendance.storyboard */ = {isa = PBXFileReference; fileEncoding = 4; lastKnownFileType = file.storyboard; path = Attendance.storyboard; sourceTree = "<group>"; };
		BC6905DA1C46FCB800B00E35 /* Payments.storyboard */ = {isa = PBXFileReference; fileEncoding = 4; lastKnownFileType = file.storyboard; path = Payments.storyboard; sourceTree = "<group>"; };
		BC6905DD1C49D60A00B00E35 /* KidsTuitionTrackerDataModel.xcdatamodel */ = {isa = PBXFileReference; lastKnownFileType = wrapper.xcdatamodel; path = KidsTuitionTrackerDataModel.xcdatamodel; sourceTree = "<group>"; };
		BC6905DF1C49D72100B00E35 /* TutiionTrackerDataController.swift */ = {isa = PBXFileReference; fileEncoding = 4; lastKnownFileType = sourcecode.swift; path = TutiionTrackerDataController.swift; sourceTree = "<group>"; };
		BC6905E81C4A2BAD00B00E35 /* TuitionsTableViewCell.swift */ = {isa = PBXFileReference; fileEncoding = 4; lastKnownFileType = sourcecode.swift; path = TuitionsTableViewCell.swift; sourceTree = "<group>"; };
		BC6905F71C4D921A00B00E35 /* TutionsListViewController.swift */ = {isa = PBXFileReference; fileEncoding = 4; lastKnownFileType = sourcecode.swift; path = TutionsListViewController.swift; sourceTree = "<group>"; };
		BC6F1E891C6551EF0001FE6C /* DayPickerControl.swift */ = {isa = PBXFileReference; fileEncoding = 4; lastKnownFileType = sourcecode.swift; path = DayPickerControl.swift; sourceTree = "<group>"; };
		BCFF26C21C6C953000E2838E /* PendingAttenanceHeaderCell.swift */ = {isa = PBXFileReference; fileEncoding = 4; lastKnownFileType = sourcecode.swift; path = PendingAttenanceHeaderCell.swift; sourceTree = "<group>"; };
		BCFF26C41C6EE1AB00E2838E /* AttendanceTuitionListTableViewController.swift */ = {isa = PBXFileReference; fileEncoding = 4; lastKnownFileType = sourcecode.swift; path = AttendanceTuitionListTableViewController.swift; sourceTree = "<group>"; };
		BCFF26C61C6EE8A800E2838E /* AttendanceTuitionTableViewCell.swift */ = {isa = PBXFileReference; fileEncoding = 4; lastKnownFileType = sourcecode.swift; path = AttendanceTuitionTableViewCell.swift; sourceTree = "<group>"; };
		BCFF26C81C6EF81600E2838E /* HistoryAttendanceTableViewController.swift */ = {isa = PBXFileReference; fileEncoding = 4; lastKnownFileType = sourcecode.swift; path = HistoryAttendanceTableViewController.swift; sourceTree = "<group>"; };
		BCFF26CA1C6EFB7200E2838E /* HistoryAttendanceCell.swift */ = {isa = PBXFileReference; fileEncoding = 4; lastKnownFileType = sourcecode.swift; path = HistoryAttendanceCell.swift; sourceTree = "<group>"; };
		BCFF26CC1C6F00DB00E2838E /* HistoryAttenanceHeaderCell.swift */ = {isa = PBXFileReference; fileEncoding = 4; lastKnownFileType = sourcecode.swift; path = HistoryAttenanceHeaderCell.swift; sourceTree = "<group>"; };
		BCFF26CE1C71B2AD00E2838E /* AttendanceStatus.swift */ = {isa = PBXFileReference; fileEncoding = 4; lastKnownFileType = sourcecode.swift; path = AttendanceStatus.swift; sourceTree = "<group>"; };
		BCFF26D01C71C73B00E2838E /* AttendanceExtension.swift */ = {isa = PBXFileReference; fileEncoding = 4; lastKnownFileType = sourcecode.swift; path = AttendanceExtension.swift; sourceTree = "<group>"; };
		BCFF26D21C7281E000E2838E /* Payment+CoreDataProperties.swift */ = {isa = PBXFileReference; fileEncoding = 4; lastKnownFileType = sourcecode.swift; path = "Payment+CoreDataProperties.swift"; sourceTree = "<group>"; };
		BCFF26D31C7281E000E2838E /* Payment.swift */ = {isa = PBXFileReference; fileEncoding = 4; lastKnownFileType = sourcecode.swift; path = Payment.swift; sourceTree = "<group>"; };
		BCFF26D61C72822300E2838E /* PaymentStatus.swift */ = {isa = PBXFileReference; fileEncoding = 4; lastKnownFileType = sourcecode.swift; path = PaymentStatus.swift; sourceTree = "<group>"; };
		BCFF26E21C73486D00E2838E /* PaymentViewController.swift */ = {isa = PBXFileReference; fileEncoding = 4; lastKnownFileType = sourcecode.swift; path = PaymentViewController.swift; sourceTree = "<group>"; };
		BCFF26E41C744D2D00E2838E /* PendingPaymentTableViewController.swift */ = {isa = PBXFileReference; fileEncoding = 4; lastKnownFileType = sourcecode.swift; path = PendingPaymentTableViewController.swift; sourceTree = "<group>"; };
		BCFF26E61C744FAD00E2838E /* PendingPaymentCell.swift */ = {isa = PBXFileReference; fileEncoding = 4; lastKnownFileType = sourcecode.swift; path = PendingPaymentCell.swift; sourceTree = "<group>"; };
		BCFF26E81C744FF100E2838E /* PendingPaymentHeaderCell.swift */ = {isa = PBXFileReference; fileEncoding = 4; lastKnownFileType = sourcecode.swift; path = PendingPaymentHeaderCell.swift; sourceTree = "<group>"; };
		BCFF26EA1C74531300E2838E /* PaymentChangeControllerDelegate.swift */ = {isa = PBXFileReference; fileEncoding = 4; lastKnownFileType = sourcecode.swift; path = PaymentChangeControllerDelegate.swift; sourceTree = "<group>"; };
		BCFF26EC1C783E6B00E2838E /* PaymentExtension.swift */ = {isa = PBXFileReference; fileEncoding = 4; lastKnownFileType = sourcecode.swift; path = PaymentExtension.swift; sourceTree = "<group>"; };
		BCFF26EE1C784A6000E2838E /* PaymentTuitionTableViewCell.swift */ = {isa = PBXFileReference; fileEncoding = 4; lastKnownFileType = sourcecode.swift; path = PaymentTuitionTableViewCell.swift; sourceTree = "<group>"; };
		BCFF26F01C784CFC00E2838E /* PaymentTuitionListTableViewController.swift */ = {isa = PBXFileReference; fileEncoding = 4; lastKnownFileType = sourcecode.swift; path = PaymentTuitionListTableViewController.swift; sourceTree = "<group>"; };
		BCFF26F21C78522000E2838E /* PaymentHistoryTableViewControler.swift */ = {isa = PBXFileReference; fileEncoding = 4; lastKnownFileType = sourcecode.swift; path = PaymentHistoryTableViewControler.swift; sourceTree = "<group>"; };
		BCFF26F41C7854C300E2838E /* PaymentHistoryHeaderCell.swift */ = {isa = PBXFileReference; fileEncoding = 4; lastKnownFileType = sourcecode.swift; path = PaymentHistoryHeaderCell.swift; sourceTree = "<group>"; };
		BCFF26F61C78550000E2838E /* PaymentHistoryCell.swift */ = {isa = PBXFileReference; fileEncoding = 4; lastKnownFileType = sourcecode.swift; path = PaymentHistoryCell.swift; sourceTree = "<group>"; };
		BCFF26F81C7E55D700E2838E /* tuitiontrackerextensions.swift */ = {isa = PBXFileReference; fileEncoding = 4; lastKnownFileType = sourcecode.swift; path = tuitiontrackerextensions.swift; sourceTree = "<group>"; };
		BCFF26FA1C7FA63B00E2838E /* DataUtils.swift */ = {isa = PBXFileReference; fileEncoding = 4; lastKnownFileType = sourcecode.swift; path = DataUtils.swift; sourceTree = "<group>"; };
/* End PBXFileReference section */

/* Begin PBXFrameworksBuildPhase section */
		BC69059F1C45A94F00B00E35 /* Frameworks */ = {
			isa = PBXFrameworksBuildPhase;
			buildActionMask = 2147483647;
			files = (
			);
			runOnlyForDeploymentPostprocessing = 0;
		};
		BC6905B51C45A94F00B00E35 /* Frameworks */ = {
			isa = PBXFrameworksBuildPhase;
			buildActionMask = 2147483647;
			files = (
			);
			runOnlyForDeploymentPostprocessing = 0;
		};
		BC6905C01C45A94F00B00E35 /* Frameworks */ = {
			isa = PBXFrameworksBuildPhase;
			buildActionMask = 2147483647;
			files = (
			);
			runOnlyForDeploymentPostprocessing = 0;
		};
/* End PBXFrameworksBuildPhase section */

/* Begin PBXGroup section */
		BC044AC21C66D5AA006A49CE /* Attendance */ = {
			isa = PBXGroup;
			children = (
				BC6905A71C45A94F00B00E35 /* AttendanceViewController.swift */,
				BC6905D81C46FC2E00B00E35 /* Attendance.storyboard */,
				BC044AC31C66F4BE006A49CE /* PendingAttendanceTableViewController.swift */,
				BC044AE71C68A3E1006A49CE /* PendingAttendanceCell.swift */,
				BC044AE91C69C638006A49CE /* AttendanceChangeControllerDelegate.swift */,
				BCFF26C21C6C953000E2838E /* PendingAttenanceHeaderCell.swift */,
				BCFF26C41C6EE1AB00E2838E /* AttendanceTuitionListTableViewController.swift */,
				BCFF26C61C6EE8A800E2838E /* AttendanceTuitionTableViewCell.swift */,
				BCFF26C81C6EF81600E2838E /* HistoryAttendanceTableViewController.swift */,
				BCFF26CA1C6EFB7200E2838E /* HistoryAttendanceCell.swift */,
				BCFF26CC1C6F00DB00E2838E /* HistoryAttenanceHeaderCell.swift */,
			);
			name = Attendance;
			sourceTree = "<group>";
		};
		BC6905991C45A94F00B00E35 = {
			isa = PBXGroup;
			children = (
				BC6905A41C45A94F00B00E35 /* kidz tuition tracker */,
				BC6905BB1C45A94F00B00E35 /* kidz tuition trackerTests */,
				BC6905C61C45A94F00B00E35 /* kidz tuition trackerUITests */,
				BC6905A31C45A94F00B00E35 /* Products */,
			);
			sourceTree = "<group>";
		};
		BC6905A31C45A94F00B00E35 /* Products */ = {
			isa = PBXGroup;
			children = (
				BC6905A21C45A94F00B00E35 /* kidz tuition tracker.app */,
				BC6905B81C45A94F00B00E35 /* kidz tuition tracker.xctest */,
				BC6905C31C45A94F00B00E35 /* kidz tuition tracker.xctest */,
			);
			name = Products;
			sourceTree = "<group>";
		};
		BC6905A41C45A94F00B00E35 /* kidz tuition tracker */ = {
			isa = PBXGroup;
			children = (
				BCFF26D81C72857C00E2838E /* Payments */,
				BC044AC21C66D5AA006A49CE /* Attendance */,
				BC6F1E881C6551600001FE6C /* utils */,
				BC6905EA1C4A2DBD00B00E35 /* Model */,
				BC6905E71C4A2B0D00B00E35 /* Tuitions */,
				BC6905A51C45A94F00B00E35 /* AppDelegate.swift */,
				BC6905A91C45A94F00B00E35 /* SecondViewController.swift */,
				BC6905AB1C45A94F00B00E35 /* Main.storyboard */,
				BC6905AE1C45A94F00B00E35 /* Assets.xcassets */,
				BC6905B01C45A94F00B00E35 /* LaunchScreen.storyboard */,
				BC6905B31C45A94F00B00E35 /* Info.plist */,
			);
			name = "kidz tuition tracker";
			path = "kidz tution tracker";
			sourceTree = "<group>";
		};
		BC6905BB1C45A94F00B00E35 /* kidz tuition trackerTests */ = {
			isa = PBXGroup;
			children = (
				BC6905BC1C45A94F00B00E35 /* kidz_tution_trackerTests.swift */,
				BC6905BE1C45A94F00B00E35 /* Info.plist */,
			);
			name = "kidz tuition trackerTests";
			path = "kidz tution trackerTests";
			sourceTree = "<group>";
		};
		BC6905C61C45A94F00B00E35 /* kidz tuition trackerUITests */ = {
			isa = PBXGroup;
			children = (
				BC6905C71C45A94F00B00E35 /* kidz_tution_trackerUITests.swift */,
				BC6905C91C45A94F00B00E35 /* Info.plist */,
			);
			name = "kidz tuition trackerUITests";
			path = "kidz tution trackerUITests";
			sourceTree = "<group>";
		};
		BC6905E71C4A2B0D00B00E35 /* Tuitions */ = {
			isa = PBXGroup;
			children = (
				BC101C431C9CC82800995966 /* TuitionsEditViewController.swift */,
				BC6905F71C4D921A00B00E35 /* TutionsListViewController.swift */,
				BC6905D51C46FBF700B00E35 /* Tuitions.storyboard */,
				BC6905E81C4A2BAD00B00E35 /* TuitionsTableViewCell.swift */,
				BC101C3D1C996CC500995966 /* DayListTableViewController.swift */,
				BC101C3F1C9A844F00995966 /* DayChangeControllerDelegate.swift */,
				BC101C411C9A8D6700995966 /* TuitionsAddViewController.swift */,
			);
			name = Tuitions;
			sourceTree = "<group>";
		};
		BC6905EA1C4A2DBD00B00E35 /* Model */ = {
			isa = PBXGroup;
			children = (
				BCFF26D21C7281E000E2838E /* Payment+CoreDataProperties.swift */,
				BCFF26D31C7281E000E2838E /* Payment.swift */,
				BC044AE31C67F8E3006A49CE /* Attendance.swift */,
				BC044ADF1C67F7B9006A49CE /* Attendance+CoreDataProperties.swift */,
				BC044AE01C67F7B9006A49CE /* Tuition+CoreDataProperties.swift */,
				BC044ADD1C67F5FF006A49CE /* Tuition.swift */,
				BC6905DC1C49D60A00B00E35 /* KidsTuitionTrackerDataModel.xcdatamodeld */,
				BCFF26CE1C71B2AD00E2838E /* AttendanceStatus.swift */,
				BCFF26D01C71C73B00E2838E /* AttendanceExtension.swift */,
				BCFF26D61C72822300E2838E /* PaymentStatus.swift */,
				BCFF26EC1C783E6B00E2838E /* PaymentExtension.swift */,
			);
			name = Model;
			sourceTree = "<group>";
		};
		BC6F1E881C6551600001FE6C /* utils */ = {
			isa = PBXGroup;
			children = (
				BC6F1E891C6551EF0001FE6C /* DayPickerControl.swift */,
				BC044AE51C68961B006A49CE /* UIHelper.swift */,
				BC6905DF1C49D72100B00E35 /* TutiionTrackerDataController.swift */,
				BCFF26F81C7E55D700E2838E /* tuitiontrackerextensions.swift */,
				BCFF26FA1C7FA63B00E2838E /* DataUtils.swift */,
			);
			name = utils;
			sourceTree = "<group>";
		};
		BCFF26D81C72857C00E2838E /* Payments */ = {
			isa = PBXGroup;
			children = (
				BC6905DA1C46FCB800B00E35 /* Payments.storyboard */,
				BCFF26E21C73486D00E2838E /* PaymentViewController.swift */,
				BCFF26E41C744D2D00E2838E /* PendingPaymentTableViewController.swift */,
				BCFF26E61C744FAD00E2838E /* PendingPaymentCell.swift */,
				BCFF26E81C744FF100E2838E /* PendingPaymentHeaderCell.swift */,
				BCFF26EA1C74531300E2838E /* PaymentChangeControllerDelegate.swift */,
				BCFF26EE1C784A6000E2838E /* PaymentTuitionTableViewCell.swift */,
				BCFF26F01C784CFC00E2838E /* PaymentTuitionListTableViewController.swift */,
				BCFF26F21C78522000E2838E /* PaymentHistoryTableViewControler.swift */,
				BCFF26F41C7854C300E2838E /* PaymentHistoryHeaderCell.swift */,
				BCFF26F61C78550000E2838E /* PaymentHistoryCell.swift */,
			);
			name = Payments;
			sourceTree = "<group>";
		};
/* End PBXGroup section */

/* Begin PBXNativeTarget section */
		BC6905A11C45A94F00B00E35 /* kidz tuition tracker */ = {
			isa = PBXNativeTarget;
			buildConfigurationList = BC6905CC1C45A94F00B00E35 /* Build configuration list for PBXNativeTarget "kidz tuition tracker" */;
			buildPhases = (
				BC69059E1C45A94F00B00E35 /* Sources */,
				BC69059F1C45A94F00B00E35 /* Frameworks */,
				BC6905A01C45A94F00B00E35 /* Resources */,
			);
			buildRules = (
			);
			dependencies = (
			);
			name = "kidz tuition tracker";
			productName = "kidz tution tracker";
			productReference = BC6905A21C45A94F00B00E35 /* kidz tuition tracker.app */;
			productType = "com.apple.product-type.application";
		};
		BC6905B71C45A94F00B00E35 /* kidz tuition trackerTests */ = {
			isa = PBXNativeTarget;
			buildConfigurationList = BC6905CF1C45A94F00B00E35 /* Build configuration list for PBXNativeTarget "kidz tuition trackerTests" */;
			buildPhases = (
				BC6905B41C45A94F00B00E35 /* Sources */,
				BC6905B51C45A94F00B00E35 /* Frameworks */,
				BC6905B61C45A94F00B00E35 /* Resources */,
			);
			buildRules = (
			);
			dependencies = (
				BC6905BA1C45A94F00B00E35 /* PBXTargetDependency */,
			);
			name = "kidz tuition trackerTests";
			productName = "kidz tution trackerTests";
			productReference = BC6905B81C45A94F00B00E35 /* kidz tuition tracker.xctest */;
			productType = "com.apple.product-type.bundle.unit-test";
		};
		BC6905C21C45A94F00B00E35 /* kidz tuition trackerUITests */ = {
			isa = PBXNativeTarget;
			buildConfigurationList = BC6905D21C45A94F00B00E35 /* Build configuration list for PBXNativeTarget "kidz tuition trackerUITests" */;
			buildPhases = (
				BC6905BF1C45A94F00B00E35 /* Sources */,
				BC6905C01C45A94F00B00E35 /* Frameworks */,
				BC6905C11C45A94F00B00E35 /* Resources */,
			);
			buildRules = (
			);
			dependencies = (
				BC6905C51C45A94F00B00E35 /* PBXTargetDependency */,
			);
			name = "kidz tuition trackerUITests";
			productName = "kidz tution trackerUITests";
			productReference = BC6905C31C45A94F00B00E35 /* kidz tuition tracker.xctest */;
			productType = "com.apple.product-type.bundle.ui-testing";
		};
/* End PBXNativeTarget section */

/* Begin PBXProject section */
		BC69059A1C45A94F00B00E35 /* Project object */ = {
			isa = PBXProject;
			attributes = {
				LastUpgradeCheck = 0700;
				ORGANIZATIONNAME = "Sendhil kumar Gurunathan";
				TargetAttributes = {
					BC6905A11C45A94F00B00E35 = {
						CreatedOnToolsVersion = 7.0.1;
						DevelopmentTeam = 8R6H2S6VUC;
						SystemCapabilities = {
							com.apple.BackgroundModes = {
								enabled = 1;
							};
						};
					};
					BC6905B71C45A94F00B00E35 = {
						CreatedOnToolsVersion = 7.0.1;
						TestTargetID = BC6905A11C45A94F00B00E35;
					};
					BC6905C21C45A94F00B00E35 = {
						CreatedOnToolsVersion = 7.0.1;
						TestTargetID = BC6905A11C45A94F00B00E35;
					};
				};
			};
			buildConfigurationList = BC69059D1C45A94F00B00E35 /* Build configuration list for PBXProject "kidz tuition tracker" */;
			compatibilityVersion = "Xcode 3.2";
			developmentRegion = English;
			hasScannedForEncodings = 0;
			knownRegions = (
				en,
				Base,
			);
			mainGroup = BC6905991C45A94F00B00E35;
			productRefGroup = BC6905A31C45A94F00B00E35 /* Products */;
			projectDirPath = "";
			projectRoot = "";
			targets = (
				BC6905A11C45A94F00B00E35 /* kidz tuition tracker */,
				BC6905B71C45A94F00B00E35 /* kidz tuition trackerTests */,
				BC6905C21C45A94F00B00E35 /* kidz tuition trackerUITests */,
			);
		};
/* End PBXProject section */

/* Begin PBXResourcesBuildPhase section */
		BC6905A01C45A94F00B00E35 /* Resources */ = {
			isa = PBXResourcesBuildPhase;
			buildActionMask = 2147483647;
			files = (
				BC6905B21C45A94F00B00E35 /* LaunchScreen.storyboard in Resources */,
				BC6905AF1C45A94F00B00E35 /* Assets.xcassets in Resources */,
				BC6905D91C46FC2E00B00E35 /* Attendance.storyboard in Resources */,
				BC6905DB1C46FCB800B00E35 /* Payments.storyboard in Resources */,
				BC6905AD1C45A94F00B00E35 /* Main.storyboard in Resources */,
				BC6905D71C46FBF700B00E35 /* Tuitions.storyboard in Resources */,
			);
			runOnlyForDeploymentPostprocessing = 0;
		};
		BC6905B61C45A94F00B00E35 /* Resources */ = {
			isa = PBXResourcesBuildPhase;
			buildActionMask = 2147483647;
			files = (
			);
			runOnlyForDeploymentPostprocessing = 0;
		};
		BC6905C11C45A94F00B00E35 /* Resources */ = {
			isa = PBXResourcesBuildPhase;
			buildActionMask = 2147483647;
			files = (
			);
			runOnlyForDeploymentPostprocessing = 0;
		};
/* End PBXResourcesBuildPhase section */

/* Begin PBXSourcesBuildPhase section */
		BC69059E1C45A94F00B00E35 /* Sources */ = {
			isa = PBXSourcesBuildPhase;
			buildActionMask = 2147483647;
			files = (
				BCFF26ED1C783E6B00E2838E /* PaymentExtension.swift in Sources */,
				BC6905F81C4D921A00B00E35 /* TutionsListViewController.swift in Sources */,
				BCFF26F31C78522000E2838E /* PaymentHistoryTableViewControler.swift in Sources */,
				BC6905E91C4A2BAD00B00E35 /* TuitionsTableViewCell.swift in Sources */,
				BC101C441C9CC82800995966 /* TuitionsEditViewController.swift in Sources */,
				BCFF26D51C7281E000E2838E /* Payment.swift in Sources */,
				BC6905E01C49D72100B00E35 /* TutiionTrackerDataController.swift in Sources */,
				BCFF26F51C7854C300E2838E /* PaymentHistoryHeaderCell.swift in Sources */,
				BCFF26F11C784CFC00E2838E /* PaymentTuitionListTableViewController.swift in Sources */,
				BCFF26E51C744D2D00E2838E /* PendingPaymentTableViewController.swift in Sources */,
				BC101C3E1C996CC500995966 /* DayListTableViewController.swift in Sources */,
				BCFF26CF1C71B2AD00E2838E /* AttendanceStatus.swift in Sources */,
				BCFF26E91C744FF100E2838E /* PendingPaymentHeaderCell.swift in Sources */,
				BCFF26C51C6EE1AB00E2838E /* AttendanceTuitionListTableViewController.swift in Sources */,
				BC044AE11C67F7B9006A49CE /* Attendance+CoreDataProperties.swift in Sources */,
				BCFF26E31C73486D00E2838E /* PaymentViewController.swift in Sources */,
				BCFF26C91C6EF81600E2838E /* HistoryAttendanceTableViewController.swift in Sources */,
				BC101C421C9A8D6700995966 /* TuitionsAddViewController.swift in Sources */,
				BC044AC41C66F4BE006A49CE /* PendingAttendanceTableViewController.swift in Sources */,
				BC6905DE1C49D60A00B00E35 /* KidsTuitionTrackerDataModel.xcdatamodeld in Sources */,
				BCFF26C31C6C953000E2838E /* PendingAttenanceHeaderCell.swift in Sources */,
				BC044AE61C68961B006A49CE /* UIHelper.swift in Sources */,
				BCFF26D11C71C73B00E2838E /* AttendanceExtension.swift in Sources */,
				BC6905AA1C45A94F00B00E35 /* SecondViewController.swift in Sources */,
				BCFF26C71C6EE8A800E2838E /* AttendanceTuitionTableViewCell.swift in Sources */,
				BC6905A61C45A94F00B00E35 /* AppDelegate.swift in Sources */,
				BC044AE41C67F8E3006A49CE /* Attendance.swift in Sources */,
				BC044ADE1C67F5FF006A49CE /* Tuition.swift in Sources */,
				BC044AEA1C69C638006A49CE /* AttendanceChangeControllerDelegate.swift in Sources */,
				BCFF26E71C744FAD00E2838E /* PendingPaymentCell.swift in Sources */,
				BCFF26CB1C6EFB7200E2838E /* HistoryAttendanceCell.swift in Sources */,
				BCFF26EB1C74531300E2838E /* PaymentChangeControllerDelegate.swift in Sources */,
				BCFF26D71C72822300E2838E /* PaymentStatus.swift in Sources */,
				BCFF26CD1C6F00DB00E2838E /* HistoryAttenanceHeaderCell.swift in Sources */,
				BC044AE21C67F7B9006A49CE /* Tuition+CoreDataProperties.swift in Sources */,
				BC6F1E8A1C6551EF0001FE6C /* DayPickerControl.swift in Sources */,
				BCFF26F71C78550000E2838E /* PaymentHistoryCell.swift in Sources */,
				BC044AE81C68A3E1006A49CE /* PendingAttendanceCell.swift in Sources */,
				BCFF26FB1C7FA63B00E2838E /* DataUtils.swift in Sources */,
				BCFF26D41C7281E000E2838E /* Payment+CoreDataProperties.swift in Sources */,
				BC6905A81C45A94F00B00E35 /* AttendanceViewController.swift in Sources */,
				BC101C401C9A844F00995966 /* DayChangeControllerDelegate.swift in Sources */,
				BCFF26EF1C784A6000E2838E /* PaymentTuitionTableViewCell.swift in Sources */,
				BCFF26F91C7E55D700E2838E /* tuitiontrackerextensions.swift in Sources */,
			);
			runOnlyForDeploymentPostprocessing = 0;
		};
		BC6905B41C45A94F00B00E35 /* Sources */ = {
			isa = PBXSourcesBuildPhase;
			buildActionMask = 2147483647;
			files = (
				BC6905BD1C45A94F00B00E35 /* kidz_tution_trackerTests.swift in Sources */,
			);
			runOnlyForDeploymentPostprocessing = 0;
		};
		BC6905BF1C45A94F00B00E35 /* Sources */ = {
			isa = PBXSourcesBuildPhase;
			buildActionMask = 2147483647;
			files = (
				BC6905C81C45A94F00B00E35 /* kidz_tution_trackerUITests.swift in Sources */,
			);
			runOnlyForDeploymentPostprocessing = 0;
		};
/* End PBXSourcesBuildPhase section */

/* Begin PBXTargetDependency section */
		BC6905BA1C45A94F00B00E35 /* PBXTargetDependency */ = {
			isa = PBXTargetDependency;
			target = BC6905A11C45A94F00B00E35 /* kidz tuition tracker */;
			targetProxy = BC6905B91C45A94F00B00E35 /* PBXContainerItemProxy */;
		};
		BC6905C51C45A94F00B00E35 /* PBXTargetDependency */ = {
			isa = PBXTargetDependency;
			target = BC6905A11C45A94F00B00E35 /* kidz tuition tracker */;
			targetProxy = BC6905C41C45A94F00B00E35 /* PBXContainerItemProxy */;
		};
/* End PBXTargetDependency section */

/* Begin PBXVariantGroup section */
		BC6905AB1C45A94F00B00E35 /* Main.storyboard */ = {
			isa = PBXVariantGroup;
			children = (
				BC6905AC1C45A94F00B00E35 /* Base */,
			);
			name = Main.storyboard;
			sourceTree = "<group>";
		};
		BC6905B01C45A94F00B00E35 /* LaunchScreen.storyboard */ = {
			isa = PBXVariantGroup;
			children = (
				BC6905B11C45A94F00B00E35 /* Base */,
			);
			name = LaunchScreen.storyboard;
			sourceTree = "<group>";
		};
		BC6905D51C46FBF700B00E35 /* Tuitions.storyboard */ = {
			isa = PBXVariantGroup;
			children = (
				BC6905D61C46FBF700B00E35 /* Base */,
			);
			name = Tuitions.storyboard;
			sourceTree = "<group>";
		};
/* End PBXVariantGroup section */

/* Begin XCBuildConfiguration section */
		BC6905CA1C45A94F00B00E35 /* Debug */ = {
			isa = XCBuildConfiguration;
			buildSettings = {
				ALWAYS_SEARCH_USER_PATHS = NO;
				CLANG_CXX_LANGUAGE_STANDARD = "gnu++0x";
				CLANG_CXX_LIBRARY = "libc++";
				CLANG_ENABLE_MODULES = YES;
				CLANG_ENABLE_OBJC_ARC = YES;
				CLANG_WARN_BOOL_CONVERSION = YES;
				CLANG_WARN_CONSTANT_CONVERSION = YES;
				CLANG_WARN_DIRECT_OBJC_ISA_USAGE = YES_ERROR;
				CLANG_WARN_EMPTY_BODY = YES;
				CLANG_WARN_ENUM_CONVERSION = YES;
				CLANG_WARN_INT_CONVERSION = YES;
				CLANG_WARN_OBJC_ROOT_CLASS = YES_ERROR;
				CLANG_WARN_UNREACHABLE_CODE = YES;
				CLANG_WARN__DUPLICATE_METHOD_MATCH = YES;
				CODE_SIGN_IDENTITY = "iPhone Developer";
				"CODE_SIGN_IDENTITY[sdk=iphoneos*]" = "iPhone Developer";
				COPY_PHASE_STRIP = NO;
				DEBUG_INFORMATION_FORMAT = dwarf;
				ENABLE_STRICT_OBJC_MSGSEND = YES;
				ENABLE_TESTABILITY = YES;
				GCC_C_LANGUAGE_STANDARD = gnu99;
				GCC_DYNAMIC_NO_PIC = NO;
				GCC_NO_COMMON_BLOCKS = YES;
				GCC_OPTIMIZATION_LEVEL = 0;
				GCC_PREPROCESSOR_DEFINITIONS = (
					"DEBUG=1",
					"$(inherited)",
				);
				GCC_WARN_64_TO_32_BIT_CONVERSION = YES;
				GCC_WARN_ABOUT_RETURN_TYPE = YES_ERROR;
				GCC_WARN_UNDECLARED_SELECTOR = YES;
				GCC_WARN_UNINITIALIZED_AUTOS = YES_AGGRESSIVE;
				GCC_WARN_UNUSED_FUNCTION = YES;
				GCC_WARN_UNUSED_VARIABLE = YES;
				IPHONEOS_DEPLOYMENT_TARGET = 9.0;
				MTL_ENABLE_DEBUG_INFO = YES;
				ONLY_ACTIVE_ARCH = YES;
				SDKROOT = iphoneos;
				SWIFT_OPTIMIZATION_LEVEL = "-Onone";
				TARGETED_DEVICE_FAMILY = "1,2";
				VERSIONING_SYSTEM = "apple-generic";
			};
			name = Debug;
		};
		BC6905CB1C45A94F00B00E35 /* Release */ = {
			isa = XCBuildConfiguration;
			buildSettings = {
				ALWAYS_SEARCH_USER_PATHS = NO;
				CLANG_CXX_LANGUAGE_STANDARD = "gnu++0x";
				CLANG_CXX_LIBRARY = "libc++";
				CLANG_ENABLE_MODULES = YES;
				CLANG_ENABLE_OBJC_ARC = YES;
				CLANG_WARN_BOOL_CONVERSION = YES;
				CLANG_WARN_CONSTANT_CONVERSION = YES;
				CLANG_WARN_DIRECT_OBJC_ISA_USAGE = YES_ERROR;
				CLANG_WARN_EMPTY_BODY = YES;
				CLANG_WARN_ENUM_CONVERSION = YES;
				CLANG_WARN_INT_CONVERSION = YES;
				CLANG_WARN_OBJC_ROOT_CLASS = YES_ERROR;
				CLANG_WARN_UNREACHABLE_CODE = YES;
				CLANG_WARN__DUPLICATE_METHOD_MATCH = YES;
				CODE_SIGN_IDENTITY = "iPhone Developer";
				"CODE_SIGN_IDENTITY[sdk=iphoneos*]" = "iPhone Developer";
				COPY_PHASE_STRIP = NO;
				DEBUG_INFORMATION_FORMAT = "dwarf-with-dsym";
				ENABLE_NS_ASSERTIONS = NO;
				ENABLE_STRICT_OBJC_MSGSEND = YES;
				GCC_C_LANGUAGE_STANDARD = gnu99;
				GCC_NO_COMMON_BLOCKS = YES;
				GCC_WARN_64_TO_32_BIT_CONVERSION = YES;
				GCC_WARN_ABOUT_RETURN_TYPE = YES_ERROR;
				GCC_WARN_UNDECLARED_SELECTOR = YES;
				GCC_WARN_UNINITIALIZED_AUTOS = YES_AGGRESSIVE;
				GCC_WARN_UNUSED_FUNCTION = YES;
				GCC_WARN_UNUSED_VARIABLE = YES;
				IPHONEOS_DEPLOYMENT_TARGET = 9.0;
				MTL_ENABLE_DEBUG_INFO = NO;
				SDKROOT = iphoneos;
				TARGETED_DEVICE_FAMILY = "1,2";
				VALIDATE_PRODUCT = YES;
				VERSIONING_SYSTEM = "apple-generic";
			};
			name = Release;
		};
		BC6905CD1C45A94F00B00E35 /* Debug */ = {
			isa = XCBuildConfiguration;
			buildSettings = {
				ASSETCATALOG_COMPILER_APPICON_NAME = AppIcon;
				CODE_SIGN_IDENTITY = "iPhone Developer";
				INFOPLIST_FILE = "kidz tution tracker/Info.plist";
				IPHONEOS_DEPLOYMENT_TARGET = 9.0;
				LD_RUNPATH_SEARCH_PATHS = "$(inherited) @executable_path/Frameworks";
				PRODUCT_BUNDLE_IDENTIFIER = "gs.kidz-tution-tracker";
				PRODUCT_NAME = "kidz tuition tracker";
				TARGETED_DEVICE_FAMILY = "1,2";
			};
			name = Debug;
		};
		BC6905CE1C45A94F00B00E35 /* Release */ = {
			isa = XCBuildConfiguration;
			buildSettings = {
				ASSETCATALOG_COMPILER_APPICON_NAME = AppIcon;
				CODE_SIGN_IDENTITY = "iPhone Developer";
				INFOPLIST_FILE = "kidz tution tracker/Info.plist";
				IPHONEOS_DEPLOYMENT_TARGET = 9.0;
				LD_RUNPATH_SEARCH_PATHS = "$(inherited) @executable_path/Frameworks";
				PRODUCT_BUNDLE_IDENTIFIER = "gs.kidz-tution-tracker";
				PRODUCT_NAME = "kidz tuition tracker";
				TARGETED_DEVICE_FAMILY = "1,2";
			};
			name = Release;
		};
		BC6905D01C45A94F00B00E35 /* Debug */ = {
			isa = XCBuildConfiguration;
			buildSettings = {
				BUNDLE_LOADER = "$(TEST_HOST)";
				INFOPLIST_FILE = "kidz tution trackerTests/Info.plist";
				LD_RUNPATH_SEARCH_PATHS = "$(inherited) @executable_path/Frameworks @loader_path/Frameworks";
				PRODUCT_BUNDLE_IDENTIFIER = "gs.kidz-tution-trackerTests";
				PRODUCT_NAME = "kidz tuition tracker";
				TEST_HOST = "$(BUILT_PRODUCTS_DIR)/kidz tuition tracker.app/kidz tuition tracker";
			};
			name = Debug;
		};
		BC6905D11C45A94F00B00E35 /* Release */ = {
			isa = XCBuildConfiguration;
			buildSettings = {
				BUNDLE_LOADER = "$(TEST_HOST)";
				INFOPLIST_FILE = "kidz tution trackerTests/Info.plist";
				LD_RUNPATH_SEARCH_PATHS = "$(inherited) @executable_path/Frameworks @loader_path/Frameworks";
				PRODUCT_BUNDLE_IDENTIFIER = "gs.kidz-tution-trackerTests";
				PRODUCT_NAME = "kidz tuition tracker";
				TEST_HOST = "$(BUILT_PRODUCTS_DIR)/kidz tuition tracker.app/kidz tuition tracker";
			};
			name = Release;
		};
		BC6905D31C45A94F00B00E35 /* Debug */ = {
			isa = XCBuildConfiguration;
			buildSettings = {
				INFOPLIST_FILE = "kidz tution trackerUITests/Info.plist";
				LD_RUNPATH_SEARCH_PATHS = "$(inherited) @executable_path/Frameworks @loader_path/Frameworks";
				PRODUCT_BUNDLE_IDENTIFIER = "gs.kidz-tution-trackerUITests";
				PRODUCT_NAME = "kidz tuition tracker";
				TEST_TARGET_NAME = "kidz tution tracker";
				USES_XCTRUNNER = YES;
			};
			name = Debug;
		};
		BC6905D41C45A94F00B00E35 /* Release */ = {
			isa = XCBuildConfiguration;
			buildSettings = {
				INFOPLIST_FILE = "kidz tution trackerUITests/Info.plist";
				LD_RUNPATH_SEARCH_PATHS = "$(inherited) @executable_path/Frameworks @loader_path/Frameworks";
				PRODUCT_BUNDLE_IDENTIFIER = "gs.kidz-tution-trackerUITests";
				PRODUCT_NAME = "kidz tuition tracker";
				TEST_TARGET_NAME = "kidz tution tracker";
				USES_XCTRUNNER = YES;
			};
			name = Release;
		};
/* End XCBuildConfiguration section */

/* Begin XCConfigurationList section */
		BC69059D1C45A94F00B00E35 /* Build configuration list for PBXProject "kidz tuition tracker" */ = {
			isa = XCConfigurationList;
			buildConfigurations = (
				BC6905CA1C45A94F00B00E35 /* Debug */,
				BC6905CB1C45A94F00B00E35 /* Release */,
			);
			defaultConfigurationIsVisible = 0;
			defaultConfigurationName = Release;
		};
		BC6905CC1C45A94F00B00E35 /* Build configuration list for PBXNativeTarget "kidz tuition tracker" */ = {
			isa = XCConfigurationList;
			buildConfigurations = (
				BC6905CD1C45A94F00B00E35 /* Debug */,
				BC6905CE1C45A94F00B00E35 /* Release */,
			);
			defaultConfigurationIsVisible = 0;
			defaultConfigurationName = Release;
		};
		BC6905CF1C45A94F00B00E35 /* Build configuration list for PBXNativeTarget "kidz tuition trackerTests" */ = {
			isa = XCConfigurationList;
			buildConfigurations = (
				BC6905D01C45A94F00B00E35 /* Debug */,
				BC6905D11C45A94F00B00E35 /* Release */,
			);
			defaultConfigurationIsVisible = 0;
			defaultConfigurationName = Release;
		};
		BC6905D21C45A94F00B00E35 /* Build configuration list for PBXNativeTarget "kidz tuition trackerUITests" */ = {
			isa = XCConfigurationList;
			buildConfigurations = (
				BC6905D31C45A94F00B00E35 /* Debug */,
				BC6905D41C45A94F00B00E35 /* Release */,
			);
			defaultConfigurationIsVisible = 0;
			defaultConfigurationName = Release;
		};
/* End XCConfigurationList section */

/* Begin XCVersionGroup section */
		BC6905DC1C49D60A00B00E35 /* KidsTuitionTrackerDataModel.xcdatamodeld */ = {
			isa = XCVersionGroup;
			children = (
				BC6905DD1C49D60A00B00E35 /* KidsTuitionTrackerDataModel.xcdatamodel */,
			);
			currentVersion = BC6905DD1C49D60A00B00E35 /* KidsTuitionTrackerDataModel.xcdatamodel */;
			name = KidsTuitionTrackerDataModel.xcdatamodeld;
			path = ../KidsTuitionTrackerDataModel.xcdatamodeld;
			sourceTree = "<group>";
			versionGroupType = wrapper.xcdatamodel;
		};
/* End XCVersionGroup section */
	};
	rootObject = BC69059A1C45A94F00B00E35 /* Project object */;
}
